{
  "name": "GATE PREP",
  "lockfileVersion": 3,
  "requires": true,
  "packages": {
    "": {
      "dependencies": {
        "youtube-sr": "^4.3.12"
      }
    },
    "node_modules/youtube-sr": {
      "version": "4.3.12",
      "resolved": "https://registry.npmjs.org/youtube-sr/-/youtube-sr-4.3.12.tgz",
      "integrity": "sha512-pAuh5FjCJ6q062lMw6ajr6j9IHKMXk/AZsEo/5xLhJcoO1gN/M2kxwfAwi3d9QLHMPg2DMdBL1DsuWbAsfc5HA==",
      "license": "Apache-2.0"
    }
  }
}
